
Microsoft Visual Studio Solution File, Format Version 12.00
# Visual Studio Version 17
VisualStudioVersion = 17.1.32210.238
MinimumVisualStudioVersion = 10.0.40219.1
Project("{9A19103F-16F7-4668-BE54-9A1E7A4F7556}") = "VismaCodingTest.Server", "VismaCodingTest\Server\VismaCodingTest.Server.csproj", "{1F29C514-097F-4A66-9FEA-50362D317F04}"
EndProject
Project("{9A19103F-16F7-4668-BE54-9A1E7A4F7556}") = "VismaCodingTest.Client", "VismaCodingTest\Client\VismaCodingTest.Client.csproj", "{301BC8AB-65AC-491C-A730-B9E6127989B0}"
EndProject
Project("{9A19103F-16F7-4668-BE54-9A1E7A4F7556}") = "VismaCodingTest.Shared", "VismaCodingTest\Shared\VismaCodingTest.Shared.csproj", "{3424513B-C26B-4B6A-A30C-213FACA714B2}"
EndProject
Global
	GlobalSection(SolutionConfigurationPlatforms) = preSolution
		Debug|Any CPU = Debug|Any CPU
		Release|Any CPU = Release|Any CPU
	EndGlobalSection
	GlobalSection(ProjectConfigurationPlatforms) = postSolution
		{1F29C514-097F-4A66-9FEA-50362D317F04}.Debug|Any CPU.ActiveCfg = Debug|Any CPU
		{1F29C514-097F-4A66-9FEA-50362D317F04}.Debug|Any CPU.Build.0 = Debug|Any CPU
		{1F29C514-097F-4A66-9FEA-50362D317F04}.Release|Any CPU.ActiveCfg = Release|Any CPU
		{1F29C514-097F-4A66-9FEA-50362D317F04}.Release|Any CPU.Build.0 = Release|Any CPU
		{301BC8AB-65AC-491C-A730-B9E6127989B0}.Debug|Any CPU.ActiveCfg = Debug|Any CPU
		{301BC8AB-65AC-491C-A730-B9E6127989B0}.Debug|Any CPU.Build.0 = Debug|Any CPU
		{301BC8AB-65AC-491C-A730-B9E6127989B0}.Release|Any CPU.ActiveCfg = Release|Any CPU
		{301BC8AB-65AC-491C-A730-B9E6127989B0}.Release|Any CPU.Build.0 = Release|Any CPU
		{3424513B-C26B-4B6A-A30C-213FACA714B2}.Debug|Any CPU.ActiveCfg = Debug|Any CPU
		{3424513B-C26B-4B6A-A30C-213FACA714B2}.Debug|Any CPU.Build.0 = Debug|Any CPU
		{3424513B-C26B-4B6A-A30C-213FACA714B2}.Release|Any CPU.ActiveCfg = Release|Any CPU
		{3424513B-C26B-4B6A-A30C-213FACA714B2}.Release|Any CPU.Build.0 = Release|Any CPU
	EndGlobalSection
	GlobalSection(SolutionProperties) = preSolution
		HideSolutionNode = FALSE
	EndGlobalSection
	GlobalSection(ExtensibilityGlobals) = postSolution
		SolutionGuid = {EE72A813-389A-44C7-BEE2-6385A6A76752}
	EndGlobalSection
EndGlobal
